
Microsoft Visual Studio Solution File, Format Version 12.00
# Visual Studio Version 16
VisualStudioVersion = 16.0.30523.141
MinimumVisualStudioVersion = 10.0.40219.1
Project("{FAE04EC0-301F-11D3-BF4B-00C04F79EFBC}") = "SimpleSelectionExport", "SimpleSelectionExport\SimpleSelectionExport.csproj", "{4B3E73DC-4EB3-40B3-B088-DFE9EFA4CFD7}"
EndProject
Global
	GlobalSection(SolutionConfigurationPlatforms) = preSolution
		Debug|Any CPU = Debug|Any CPU
		Release|Any CPU = Release|Any CPU
	EndGlobalSection
	GlobalSection(ProjectConfigurationPlatforms) = postSolution
		{4B3E73DC-4EB3-40B3-B088-DFE9EFA4CFD7}.Debug|Any CPU.ActiveCfg = Debug|Any CPU
		{4B3E73DC-4EB3-40B3-B088-DFE9EFA4CFD7}.Debug|Any CPU.Build.0 = Debug|Any CPU
		{4B3E73DC-4EB3-40B3-B088-DFE9EFA4CFD7}.Release|Any CPU.ActiveCfg = Release|Any CPU
		{4B3E73DC-4EB3-40B3-B088-DFE9EFA4CFD7}.Release|Any CPU.Build.0 = Release|Any CPU
	EndGlobalSection
	GlobalSection(SolutionProperties) = preSolution
		HideSolutionNode = FALSE
	EndGlobalSection
	GlobalSection(ExtensibilityGlobals) = postSolution
		SolutionGuid = {4A8BEDBF-9B68-4AC0-8F75-22F5388D9BE7}
	EndGlobalSection
EndGlobal
